// !$*UTF8*$!
{
	archiveVersion = 1;
	classes = {
	};
	objectVersion = 51;
	objects = {

/* Begin PBXBuildFile section */
		77282DE3268737BD00173384 /* MovieRouter.swift in Sources */ = {isa = PBXBuildFile; fileRef = 77282DE2268737BD00173384 /* MovieRouter.swift */; };
		77282DED2687387600173384 /* BaseQueryStringRequestModel.swift in Sources */ = {isa = PBXBuildFile; fileRef = 77282DEC2687387600173384 /* BaseQueryStringRequestModel.swift */; };
		77282DFA268739C400173384 /* MovieResponseModel.swift in Sources */ = {isa = PBXBuildFile; fileRef = 77282DF9268739C400173384 /* MovieResponseModel.swift */; };
		77282DFD26873A2500173384 /* BasePaginationResponseModel.swift in Sources */ = {isa = PBXBuildFile; fileRef = 77282DFC26873A2500173384 /* BasePaginationResponseModel.swift */; };
		77282E0A26873D0700173384 /* Encodable+Extension.swift in Sources */ = {isa = PBXBuildFile; fileRef = 77282E0926873D0700173384 /* Encodable+Extension.swift */; };
		77282E0E2687626000173384 /* PeopleRouter.swift in Sources */ = {isa = PBXBuildFile; fileRef = 77282E0D2687626000173384 /* PeopleRouter.swift */; };
		77282E1B2687642700173384 /* PeopleResponseModel.swift in Sources */ = {isa = PBXBuildFile; fileRef = 77282E1A2687642700173384 /* PeopleResponseModel.swift */; };
		777AB2812686FDC4003CA891 /* AppDelegate.swift in Sources */ = {isa = PBXBuildFile; fileRef = 777AB2802686FDC4003CA891 /* AppDelegate.swift */; };
		777AB28A2686FDC5003CA891 /* Assets.xcassets in Resources */ = {isa = PBXBuildFile; fileRef = 777AB2892686FDC5003CA891 /* Assets.xcassets */; };
		777AB28D2686FDC5003CA891 /* LaunchScreen.storyboard in Resources */ = {isa = PBXBuildFile; fileRef = 777AB28B2686FDC5003CA891 /* LaunchScreen.storyboard */; };
		777B1E34268713AD006F2531 /* CustomTextFieldView.swift in Sources */ = {isa = PBXBuildFile; fileRef = 777B1E33268713AD006F2531 /* CustomTextFieldView.swift */; };
		777B1E4E26871552006F2531 /* CustomButton.swift in Sources */ = {isa = PBXBuildFile; fileRef = 777B1E4D26871552006F2531 /* CustomButton.swift */; };
		777B1E5C26871A1C006F2531 /* MainScreenVC.swift in Sources */ = {isa = PBXBuildFile; fileRef = 777B1E5B26871A1C006F2531 /* MainScreenVC.swift */; };
		777B1E70268721C5006F2531 /* UITableView+Extension.swift in Sources */ = {isa = PBXBuildFile; fileRef = 777B1E6F268721C5006F2531 /* UITableView+Extension.swift */; };
		777B1E73268721D7006F2531 /* UITableViewCell+Extension.swift in Sources */ = {isa = PBXBuildFile; fileRef = 777B1E72268721D7006F2531 /* UITableViewCell+Extension.swift */; };
		777B1E7626872371006F2531 /* MainScreenVM.swift in Sources */ = {isa = PBXBuildFile; fileRef = 777B1E7526872371006F2531 /* MainScreenVM.swift */; };
		777B1E7C26872471006F2531 /* MovieCell.swift in Sources */ = {isa = PBXBuildFile; fileRef = 777B1E7B26872471006F2531 /* MovieCell.swift */; };
		777B1E8026872502006F2531 /* BaseTableViewCell.swift in Sources */ = {isa = PBXBuildFile; fileRef = 777B1E7F26872502006F2531 /* BaseTableViewCell.swift */; };
		777B1E8326873004006F2531 /* GlobalMethodsManager.swift in Sources */ = {isa = PBXBuildFile; fileRef = 777B1E8226873004006F2531 /* GlobalMethodsManager.swift */; };
		777B1E99268734A5006F2531 /* APIConstants.swift in Sources */ = {isa = PBXBuildFile; fileRef = 777B1E98268734A5006F2531 /* APIConstants.swift */; };
		777B1E9E26873683006F2531 /* NetworkError.swift in Sources */ = {isa = PBXBuildFile; fileRef = 777B1E9D26873683006F2531 /* NetworkError.swift */; };
		777B1EA126873697006F2531 /* RouterProvider.swift in Sources */ = {isa = PBXBuildFile; fileRef = 777B1EA026873697006F2531 /* RouterProvider.swift */; };
		777B1EA42687371C006F2531 /* Networking.swift in Sources */ = {isa = PBXBuildFile; fileRef = 777B1EA32687371C006F2531 /* Networking.swift */; };
		77BB04BB26870311007125CC /* BaseNavigationController.swift in Sources */ = {isa = PBXBuildFile; fileRef = 77BB04BA26870311007125CC /* BaseNavigationController.swift */; };
		77BB04BE2687033A007125CC /* BaseVC.swift in Sources */ = {isa = PBXBuildFile; fileRef = 77BB04BD2687033A007125CC /* BaseVC.swift */; };
		77BB04C1268704DA007125CC /* BaseVM.swift in Sources */ = {isa = PBXBuildFile; fileRef = 77BB04C0268704DA007125CC /* BaseVM.swift */; };
		77BB04CE268705DD007125CC /* BaseView.swift in Sources */ = {isa = PBXBuildFile; fileRef = 77BB04CD268705DD007125CC /* BaseView.swift */; };
		77BB04DC268706E8007125CC /* Assets.swift in Sources */ = {isa = PBXBuildFile; fileRef = 77BB04DB268706E8007125CC /* Assets.swift */; };
		77BB04DF268706ED007125CC /* Strings.swift in Sources */ = {isa = PBXBuildFile; fileRef = 77BB04DE268706ED007125CC /* Strings.swift */; };
		77BB04E2268706F1007125CC /* Colors.swift in Sources */ = {isa = PBXBuildFile; fileRef = 77BB04E1268706F1007125CC /* Colors.swift */; };
		77BB04E5268706F6007125CC /* Fonts.swift in Sources */ = {isa = PBXBuildFile; fileRef = 77BB04E4268706F6007125CC /* Fonts.swift */; };
		77BB04E826870727007125CC /* swiftgen.yml in Resources */ = {isa = PBXBuildFile; fileRef = 77BB04E726870727007125CC /* swiftgen.yml */; };
		77BB04F02687076D007125CC /* Localizable.strings in Resources */ = {isa = PBXBuildFile; fileRef = 77BB04F22687076D007125CC /* Localizable.strings */; };
		77BB04F6268707D0007125CC /* ColorJSON.json in Resources */ = {isa = PBXBuildFile; fileRef = 77BB04F5268707D0007125CC /* ColorJSON.json */; };
		77BB050526870865007125CC /* SourceSansPro-Bold.ttf in Resources */ = {isa = PBXBuildFile; fileRef = 77BB04F926870864007125CC /* SourceSansPro-Bold.ttf */; };
		77BB050626870865007125CC /* SourceSansPro-Regular.ttf in Resources */ = {isa = PBXBuildFile; fileRef = 77BB04FA26870864007125CC /* SourceSansPro-Regular.ttf */; };
		77BB050726870865007125CC /* SourceSansPro-SemiBoldItalic.ttf in Resources */ = {isa = PBXBuildFile; fileRef = 77BB04FB26870865007125CC /* SourceSansPro-SemiBoldItalic.ttf */; };
		77BB050826870865007125CC /* SourceSansPro-Black.ttf in Resources */ = {isa = PBXBuildFile; fileRef = 77BB04FC26870865007125CC /* SourceSansPro-Black.ttf */; };
		77BB050926870865007125CC /* SourceSansPro-BlackItalic.ttf in Resources */ = {isa = PBXBuildFile; fileRef = 77BB04FD26870865007125CC /* SourceSansPro-BlackItalic.ttf */; };
		77BB050A26870865007125CC /* SourceSansPro-Italic.ttf in Resources */ = {isa = PBXBuildFile; fileRef = 77BB04FE26870865007125CC /* SourceSansPro-Italic.ttf */; };
		77BB050B26870865007125CC /* SourceSansPro-ExtraLight.ttf in Resources */ = {isa = PBXBuildFile; fileRef = 77BB04FF26870865007125CC /* SourceSansPro-ExtraLight.ttf */; };
		77BB050C26870865007125CC /* SourceSansPro-LightItalic.ttf in Resources */ = {isa = PBXBuildFile; fileRef = 77BB050026870865007125CC /* SourceSansPro-LightItalic.ttf */; };
		77BB050D26870865007125CC /* SourceSansPro-BoldItalic.ttf in Resources */ = {isa = PBXBuildFile; fileRef = 77BB050126870865007125CC /* SourceSansPro-BoldItalic.ttf */; };
		77BB050E26870865007125CC /* SourceSansPro-ExtraLightItalic.ttf in Resources */ = {isa = PBXBuildFile; fileRef = 77BB050226870865007125CC /* SourceSansPro-ExtraLightItalic.ttf */; };
		77BB050F26870865007125CC /* SourceSansPro-Light.ttf in Resources */ = {isa = PBXBuildFile; fileRef = 77BB050326870865007125CC /* SourceSansPro-Light.ttf */; };
		77BB051026870865007125CC /* SourceSansPro-SemiBold.ttf in Resources */ = {isa = PBXBuildFile; fileRef = 77BB050426870865007125CC /* SourceSansPro-SemiBold.ttf */; };
		77BB056426871305007125CC /* CustomSearchBarView.swift in Sources */ = {isa = PBXBuildFile; fileRef = 77BB056326871305007125CC /* CustomSearchBarView.swift */; };
		8F637D90D78D6CACC253EB5B /* Pods_SearchApp.framework in Frameworks */ = {isa = PBXBuildFile; fileRef = 9EC51429528E4F53FBB1ADAF /* Pods_SearchApp.framework */; };
/* End PBXBuildFile section */

/* Begin PBXFileReference section */
		17C1B79CB0B5D3E72DD43716 /* Pods-SearchApp.debug.xcconfig */ = {isa = PBXFileReference; includeInIndex = 1; lastKnownFileType = text.xcconfig; name = "Pods-SearchApp.debug.xcconfig"; path = "Target Support Files/Pods-SearchApp/Pods-SearchApp.debug.xcconfig"; sourceTree = "<group>"; };
		3152441BAA91E1221E3F730A /* Pods-SearchApp.release.xcconfig */ = {isa = PBXFileReference; includeInIndex = 1; lastKnownFileType = text.xcconfig; name = "Pods-SearchApp.release.xcconfig"; path = "Target Support Files/Pods-SearchApp/Pods-SearchApp.release.xcconfig"; sourceTree = "<group>"; };
		77282DE2268737BD00173384 /* MovieRouter.swift */ = {isa = PBXFileReference; lastKnownFileType = sourcecode.swift; path = MovieRouter.swift; sourceTree = "<group>"; };
		77282DEC2687387600173384 /* BaseQueryStringRequestModel.swift */ = {isa = PBXFileReference; lastKnownFileType = sourcecode.swift; path = BaseQueryStringRequestModel.swift; sourceTree = "<group>"; };
		77282DF9268739C400173384 /* MovieResponseModel.swift */ = {isa = PBXFileReference; lastKnownFileType = sourcecode.swift; path = MovieResponseModel.swift; sourceTree = "<group>"; };
		77282DFC26873A2500173384 /* BasePaginationResponseModel.swift */ = {isa = PBXFileReference; lastKnownFileType = sourcecode.swift; path = BasePaginationResponseModel.swift; sourceTree = "<group>"; };
		77282E0926873D0700173384 /* Encodable+Extension.swift */ = {isa = PBXFileReference; lastKnownFileType = sourcecode.swift; path = "Encodable+Extension.swift"; sourceTree = "<group>"; };
		77282E0D2687626000173384 /* PeopleRouter.swift */ = {isa = PBXFileReference; lastKnownFileType = sourcecode.swift; path = PeopleRouter.swift; sourceTree = "<group>"; };
		77282E1A2687642700173384 /* PeopleResponseModel.swift */ = {isa = PBXFileReference; lastKnownFileType = sourcecode.swift; path = PeopleResponseModel.swift; sourceTree = "<group>"; };
		777AB27D2686FDC4003CA891 /* SearchApp.app */ = {isa = PBXFileReference; explicitFileType = wrapper.application; includeInIndex = 0; path = SearchApp.app; sourceTree = BUILT_PRODUCTS_DIR; };
		777AB2802686FDC4003CA891 /* AppDelegate.swift */ = {isa = PBXFileReference; lastKnownFileType = sourcecode.swift; path = AppDelegate.swift; sourceTree = "<group>"; };
		777AB2892686FDC5003CA891 /* Assets.xcassets */ = {isa = PBXFileReference; lastKnownFileType = folder.assetcatalog; path = Assets.xcassets; sourceTree = "<group>"; };
		777AB28C2686FDC5003CA891 /* Base */ = {isa = PBXFileReference; lastKnownFileType = file.storyboard; name = Base; path = Base.lproj/LaunchScreen.storyboard; sourceTree = "<group>"; };
		777AB28E2686FDC5003CA891 /* Info.plist */ = {isa = PBXFileReference; lastKnownFileType = text.plist.xml; path = Info.plist; sourceTree = "<group>"; };
		777B1E33268713AD006F2531 /* CustomTextFieldView.swift */ = {isa = PBXFileReference; lastKnownFileType = sourcecode.swift; path = CustomTextFieldView.swift; sourceTree = "<group>"; };
		777B1E4D26871552006F2531 /* CustomButton.swift */ = {isa = PBXFileReference; lastKnownFileType = sourcecode.swift; path = CustomButton.swift; sourceTree = "<group>"; };
		777B1E5B26871A1C006F2531 /* MainScreenVC.swift */ = {isa = PBXFileReference; lastKnownFileType = sourcecode.swift; path = MainScreenVC.swift; sourceTree = "<group>"; };
		777B1E6F268721C5006F2531 /* UITableView+Extension.swift */ = {isa = PBXFileReference; lastKnownFileType = sourcecode.swift; path = "UITableView+Extension.swift"; sourceTree = "<group>"; };
		777B1E72268721D7006F2531 /* UITableViewCell+Extension.swift */ = {isa = PBXFileReference; lastKnownFileType = sourcecode.swift; path = "UITableViewCell+Extension.swift"; sourceTree = "<group>"; };
		777B1E7526872371006F2531 /* MainScreenVM.swift */ = {isa = PBXFileReference; lastKnownFileType = sourcecode.swift; path = MainScreenVM.swift; sourceTree = "<group>"; };
		777B1E7B26872471006F2531 /* MovieCell.swift */ = {isa = PBXFileReference; lastKnownFileType = sourcecode.swift; path = MovieCell.swift; sourceTree = "<group>"; };
		777B1E7F26872502006F2531 /* BaseTableViewCell.swift */ = {isa = PBXFileReference; lastKnownFileType = sourcecode.swift; path = BaseTableViewCell.swift; sourceTree = "<group>"; };
		777B1E8226873004006F2531 /* GlobalMethodsManager.swift */ = {isa = PBXFileReference; lastKnownFileType = sourcecode.swift; path = GlobalMethodsManager.swift; sourceTree = "<group>"; };
		777B1E98268734A5006F2531 /* APIConstants.swift */ = {isa = PBXFileReference; lastKnownFileType = sourcecode.swift; path = APIConstants.swift; sourceTree = "<group>"; };
		777B1E9D26873683006F2531 /* NetworkError.swift */ = {isa = PBXFileReference; lastKnownFileType = sourcecode.swift; path = NetworkError.swift; sourceTree = "<group>"; };
		777B1EA026873697006F2531 /* RouterProvider.swift */ = {isa = PBXFileReference; lastKnownFileType = sourcecode.swift; path = RouterProvider.swift; sourceTree = "<group>"; };
		777B1EA32687371C006F2531 /* Networking.swift */ = {isa = PBXFileReference; lastKnownFileType = sourcecode.swift; path = Networking.swift; sourceTree = "<group>"; };
		77BB04BA26870311007125CC /* BaseNavigationController.swift */ = {isa = PBXFileReference; lastKnownFileType = sourcecode.swift; path = BaseNavigationController.swift; sourceTree = "<group>"; };
		77BB04BD2687033A007125CC /* BaseVC.swift */ = {isa = PBXFileReference; lastKnownFileType = sourcecode.swift; path = BaseVC.swift; sourceTree = "<group>"; };
		77BB04C0268704DA007125CC /* BaseVM.swift */ = {isa = PBXFileReference; lastKnownFileType = sourcecode.swift; path = BaseVM.swift; sourceTree = "<group>"; };
		77BB04CD268705DD007125CC /* BaseView.swift */ = {isa = PBXFileReference; lastKnownFileType = sourcecode.swift; path = BaseView.swift; sourceTree = "<group>"; };
		77BB04DB268706E8007125CC /* Assets.swift */ = {isa = PBXFileReference; lastKnownFileType = sourcecode.swift; path = Assets.swift; sourceTree = "<group>"; };
		77BB04DE268706ED007125CC /* Strings.swift */ = {isa = PBXFileReference; lastKnownFileType = sourcecode.swift; path = Strings.swift; sourceTree = "<group>"; };
		77BB04E1268706F1007125CC /* Colors.swift */ = {isa = PBXFileReference; lastKnownFileType = sourcecode.swift; path = Colors.swift; sourceTree = "<group>"; };
		77BB04E4268706F6007125CC /* Fonts.swift */ = {isa = PBXFileReference; lastKnownFileType = sourcecode.swift; path = Fonts.swift; sourceTree = "<group>"; };
		77BB04E726870727007125CC /* swiftgen.yml */ = {isa = PBXFileReference; fileEncoding = 4; lastKnownFileType = text.yaml; path = swiftgen.yml; sourceTree = "<group>"; };
		77BB04EB26870756007125CC /* tr */ = {isa = PBXFileReference; lastKnownFileType = text.plist.strings; name = tr; path = tr.lproj/LaunchScreen.strings; sourceTree = "<group>"; };
		77BB04F12687076D007125CC /* en */ = {isa = PBXFileReference; lastKnownFileType = text.plist.strings; name = en; path = en.lproj/Localizable.strings; sourceTree = "<group>"; };
		77BB04F326870770007125CC /* tr */ = {isa = PBXFileReference; lastKnownFileType = text.plist.strings; name = tr; path = tr.lproj/Localizable.strings; sourceTree = "<group>"; };
		77BB04F5268707D0007125CC /* ColorJSON.json */ = {isa = PBXFileReference; lastKnownFileType = text.json; path = ColorJSON.json; sourceTree = "<group>"; };
		77BB04F926870864007125CC /* SourceSansPro-Bold.ttf */ = {isa = PBXFileReference; lastKnownFileType = file; path = "SourceSansPro-Bold.ttf"; sourceTree = "<group>"; };
		77BB04FA26870864007125CC /* SourceSansPro-Regular.ttf */ = {isa = PBXFileReference; lastKnownFileType = file; path = "SourceSansPro-Regular.ttf"; sourceTree = "<group>"; };
		77BB04FB26870865007125CC /* SourceSansPro-SemiBoldItalic.ttf */ = {isa = PBXFileReference; lastKnownFileType = file; path = "SourceSansPro-SemiBoldItalic.ttf"; sourceTree = "<group>"; };
		77BB04FC26870865007125CC /* SourceSansPro-Black.ttf */ = {isa = PBXFileReference; lastKnownFileType = file; path = "SourceSansPro-Black.ttf"; sourceTree = "<group>"; };
		77BB04FD26870865007125CC /* SourceSansPro-BlackItalic.ttf */ = {isa = PBXFileReference; lastKnownFileType = file; path = "SourceSansPro-BlackItalic.ttf"; sourceTree = "<group>"; };
		77BB04FE26870865007125CC /* SourceSansPro-Italic.ttf */ = {isa = PBXFileReference; lastKnownFileType = file; path = "SourceSansPro-Italic.ttf"; sourceTree = "<group>"; };
		77BB04FF26870865007125CC /* SourceSansPro-ExtraLight.ttf */ = {isa = PBXFileReference; lastKnownFileType = file; path = "SourceSansPro-ExtraLight.ttf"; sourceTree = "<group>"; };
		77BB050026870865007125CC /* SourceSansPro-LightItalic.ttf */ = {isa = PBXFileReference; lastKnownFileType = file; path = "SourceSansPro-LightItalic.ttf"; sourceTree = "<group>"; };
		77BB050126870865007125CC /* SourceSansPro-BoldItalic.ttf */ = {isa = PBXFileReference; lastKnownFileType = file; path = "SourceSansPro-BoldItalic.ttf"; sourceTree = "<group>"; };
		77BB050226870865007125CC /* SourceSansPro-ExtraLightItalic.ttf */ = {isa = PBXFileReference; lastKnownFileType = file; path = "SourceSansPro-ExtraLightItalic.ttf"; sourceTree = "<group>"; };
		77BB050326870865007125CC /* SourceSansPro-Light.ttf */ = {isa = PBXFileReference; lastKnownFileType = file; path = "SourceSansPro-Light.ttf"; sourceTree = "<group>"; };
		77BB050426870865007125CC /* SourceSansPro-SemiBold.ttf */ = {isa = PBXFileReference; lastKnownFileType = file; path = "SourceSansPro-SemiBold.ttf"; sourceTree = "<group>"; };
		77BB056326871305007125CC /* CustomSearchBarView.swift */ = {isa = PBXFileReference; lastKnownFileType = sourcecode.swift; path = CustomSearchBarView.swift; sourceTree = "<group>"; };
		9EC51429528E4F53FBB1ADAF /* Pods_SearchApp.framework */ = {isa = PBXFileReference; explicitFileType = wrapper.framework; includeInIndex = 0; path = Pods_SearchApp.framework; sourceTree = BUILT_PRODUCTS_DIR; };
/* End PBXFileReference section */

/* Begin PBXFrameworksBuildPhase section */
		777AB27A2686FDC4003CA891 /* Frameworks */ = {
			isa = PBXFrameworksBuildPhase;
			buildActionMask = 2147483647;
			files = (
				8F637D90D78D6CACC253EB5B /* Pods_SearchApp.framework in Frameworks */,
			);
			runOnlyForDeploymentPostprocessing = 0;
		};
/* End PBXFrameworksBuildPhase section */

/* Begin PBXGroup section */
		77282DE62687384B00173384 /* Base */ = {
			isa = PBXGroup;
			children = (
				77282DE82687385200173384 /* Request */,
				77282DE72687384D00173384 /* Response */,
			);
			path = Base;
			sourceTree = "<group>";
		};
		77282DE72687384D00173384 /* Response */ = {
			isa = PBXGroup;
			children = (
				77282DFC26873A2500173384 /* BasePaginationResponseModel.swift */,
			);
			path = Response;
			sourceTree = "<group>";
		};
		77282DE82687385200173384 /* Request */ = {
			isa = PBXGroup;
			children = (
				77282DE92687385D00173384 /* BodyParameter */,
				77282DEB2687386500173384 /* PathVariable */,
				77282DEA2687386100173384 /* QueryString */,
			);
			path = Request;
			sourceTree = "<group>";
		};
		77282DE92687385D00173384 /* BodyParameter */ = {
			isa = PBXGroup;
			children = (
			);
			path = BodyParameter;
			sourceTree = "<group>";
		};
		77282DEA2687386100173384 /* QueryString */ = {
			isa = PBXGroup;
			children = (
				77282DEC2687387600173384 /* BaseQueryStringRequestModel.swift */,
			);
			path = QueryString;
			sourceTree = "<group>";
		};
		77282DEB2687386500173384 /* PathVariable */ = {
			isa = PBXGroup;
			children = (
			);
			path = PathVariable;
			sourceTree = "<group>";
		};
		77282DEF268738BB00173384 /* Movie */ = {
			isa = PBXGroup;
			children = (
				77282DF0268738C600173384 /* Request */,
				77282DF1268738C900173384 /* Response */,
			);
			path = Movie;
			sourceTree = "<group>";
		};
		77282DF0268738C600173384 /* Request */ = {
			isa = PBXGroup;
			children = (
				77282DF3268738D400173384 /* BodyParameter */,
				77282DF5268738DD00173384 /* PathVariable */,
				77282DF4268738D900173384 /* QueryString */,
			);
			path = Request;
			sourceTree = "<group>";
		};
		77282DF1268738C900173384 /* Response */ = {
			isa = PBXGroup;
			children = (
				77282DF9268739C400173384 /* MovieResponseModel.swift */,
			);
			path = Response;
			sourceTree = "<group>";
		};
		77282DF3268738D400173384 /* BodyParameter */ = {
			isa = PBXGroup;
			children = (
			);
			path = BodyParameter;
			sourceTree = "<group>";
		};
		77282DF4268738D900173384 /* QueryString */ = {
			isa = PBXGroup;
			children = (
			);
			path = QueryString;
			sourceTree = "<group>";
		};
		77282DF5268738DD00173384 /* PathVariable */ = {
			isa = PBXGroup;
			children = (
			);
			path = PathVariable;
			sourceTree = "<group>";
		};
		77282E14268763F300173384 /* People */ = {
			isa = PBXGroup;
			children = (
				77282E15268763F700173384 /* Request */,
				77282E16268763FD00173384 /* Response */,
			);
			path = People;
			sourceTree = "<group>";
		};
		77282E15268763F700173384 /* Request */ = {
			isa = PBXGroup;
			children = (
				77282E172687640700173384 /* BodyParameter */,
				77282E192687641100173384 /* PathVariable */,
				77282E182687640D00173384 /* QueryString */,
			);
			path = Request;
			sourceTree = "<group>";
		};
		77282E16268763FD00173384 /* Response */ = {
			isa = PBXGroup;
			children = (
				77282E1A2687642700173384 /* PeopleResponseModel.swift */,
			);
			path = Response;
			sourceTree = "<group>";
		};
		77282E172687640700173384 /* BodyParameter */ = {
			isa = PBXGroup;
			children = (
			);
			path = BodyParameter;
			sourceTree = "<group>";
		};
		77282E182687640D00173384 /* QueryString */ = {
			isa = PBXGroup;
			children = (
			);
			path = QueryString;
			sourceTree = "<group>";
		};
		77282E192687641100173384 /* PathVariable */ = {
			isa = PBXGroup;
			children = (
			);
			path = PathVariable;
			sourceTree = "<group>";
		};
		777AB2742686FDC4003CA891 = {
			isa = PBXGroup;
			children = (
				777AB27F2686FDC4003CA891 /* SearchApp */,
				77BB04E726870727007125CC /* swiftgen.yml */,
				777AB27E2686FDC4003CA891 /* Products */,
				C9095596806C917E5BBC885D /* Pods */,
				E821A80B43BECA7DAF01BC4F /* Frameworks */,
			);
			sourceTree = "<group>";
		};
		777AB27E2686FDC4003CA891 /* Products */ = {
			isa = PBXGroup;
			children = (
				777AB27D2686FDC4003CA891 /* SearchApp.app */,
			);
			name = Products;
			sourceTree = "<group>";
		};
		777AB27F2686FDC4003CA891 /* SearchApp */ = {
			isa = PBXGroup;
			children = (
				777AB2962686FE2C003CA891 /* Application */,
				77BB04B92687019A007125CC /* Base */,
				77BB0562268712E4007125CC /* Components */,
				777AB2982686FE37003CA891 /* Helper */,
				777B1E972687347E006F2531 /* Networking */,
				777AB29B2686FE61003CA891 /* Resources */,
				777AB2972686FE31003CA891 /* Scenes */,
				777AB2992686FE39003CA891 /* Utilities */,
			);
			path = SearchApp;
			sourceTree = "<group>";
		};
		777AB2962686FE2C003CA891 /* Application */ = {
			isa = PBXGroup;
			children = (
				777AB2802686FDC4003CA891 /* AppDelegate.swift */,
				777AB28B2686FDC5003CA891 /* LaunchScreen.storyboard */,
			);
			path = Application;
			sourceTree = "<group>";
		};
		777AB2972686FE31003CA891 /* Scenes */ = {
			isa = PBXGroup;
			children = (
				77BB054D26870CB8007125CC /* MainScreen */,
			);
			path = Scenes;
			sourceTree = "<group>";
		};
		777AB2982686FE37003CA891 /* Helper */ = {
			isa = PBXGroup;
			children = (
				777AB29C2686FE9E003CA891 /* Extensions */,
				777AB29D2686FEA2003CA891 /* Managers */,
			);
			path = Helper;
			sourceTree = "<group>";
		};
		777AB2992686FE39003CA891 /* Utilities */ = {
			isa = PBXGroup;
			children = (
				777AB29A2686FE57003CA891 /* Plists */,
			);
			path = Utilities;
			sourceTree = "<group>";
		};
		777AB29A2686FE57003CA891 /* Plists */ = {
			isa = PBXGroup;
			children = (
				777AB28E2686FDC5003CA891 /* Info.plist */,
			);
			path = Plists;
			sourceTree = "<group>";
		};
		777AB29B2686FE61003CA891 /* Resources */ = {
			isa = PBXGroup;
			children = (
				777AB2892686FDC5003CA891 /* Assets.xcassets */,
				77BB04F22687076D007125CC /* Localizable.strings */,
				77BB04F8268707E7007125CC /* Font Files */,
				77BB04F4268707AA007125CC /* JSON Files */,
				77BB04D9268706DB007125CC /* SwiftGen */,
			);
			path = Resources;
			sourceTree = "<group>";
		};
		777AB29C2686FE9E003CA891 /* Extensions */ = {
			isa = PBXGroup;
			children = (
				777B1E6F268721C5006F2531 /* UITableView+Extension.swift */,
				777B1E72268721D7006F2531 /* UITableViewCell+Extension.swift */,
				77282E0926873D0700173384 /* Encodable+Extension.swift */,
			);
			path = Extensions;
			sourceTree = "<group>";
		};
		777AB29D2686FEA2003CA891 /* Managers */ = {
			isa = PBXGroup;
			children = (
				777B1E8226873004006F2531 /* GlobalMethodsManager.swift */,
			);
			path = Managers;
			sourceTree = "<group>";
		};
		777B1E7A26872467006F2531 /* View */ = {
			isa = PBXGroup;
			children = (
				777B1E7B26872471006F2531 /* MovieCell.swift */,
			);
			path = View;
			sourceTree = "<group>";
		};
		777B1E972687347E006F2531 /* Networking */ = {
			isa = PBXGroup;
			children = (
				777B1E98268734A5006F2531 /* APIConstants.swift */,
				777B1E9D26873683006F2531 /* NetworkError.swift */,
				777B1EA32687371C006F2531 /* Networking.swift */,
				777B1EA026873697006F2531 /* RouterProvider.swift */,
				777B1E9C2687366E006F2531 /* Models */,
				777B1E9B26873669006F2531 /* Routers */,
			);
			path = Networking;
			sourceTree = "<group>";
		};
		777B1E9B26873669006F2531 /* Routers */ = {
			isa = PBXGroup;
			children = (
				77282DE2268737BD00173384 /* MovieRouter.swift */,
				77282E0D2687626000173384 /* PeopleRouter.swift */,
			);
			path = Routers;
			sourceTree = "<group>";
		};
		777B1E9C2687366E006F2531 /* Models */ = {
			isa = PBXGroup;
			children = (
				77282DE62687384B00173384 /* Base */,
				77282DEF268738BB00173384 /* Movie */,
				77282E14268763F300173384 /* People */,
			);
			path = Models;
			sourceTree = "<group>";
		};
		77BB04B92687019A007125CC /* Base */ = {
			isa = PBXGroup;
			children = (
				77BB04BA26870311007125CC /* BaseNavigationController.swift */,
				77BB04BD2687033A007125CC /* BaseVC.swift */,
				77BB04C0268704DA007125CC /* BaseVM.swift */,
				77BB04CD268705DD007125CC /* BaseView.swift */,
				777B1E7F26872502006F2531 /* BaseTableViewCell.swift */,
			);
			path = Base;
			sourceTree = "<group>";
		};
		77BB04D9268706DB007125CC /* SwiftGen */ = {
			isa = PBXGroup;
			children = (
				77BB04DB268706E8007125CC /* Assets.swift */,
				77BB04E1268706F1007125CC /* Colors.swift */,
				77BB04E4268706F6007125CC /* Fonts.swift */,
				77BB04DE268706ED007125CC /* Strings.swift */,
			);
			path = SwiftGen;
			sourceTree = "<group>";
		};
		77BB04F4268707AA007125CC /* JSON Files */ = {
			isa = PBXGroup;
			children = (
				77BB04F5268707D0007125CC /* ColorJSON.json */,
			);
			path = "JSON Files";
			sourceTree = "<group>";
		};
		77BB04F8268707E7007125CC /* Font Files */ = {
			isa = PBXGroup;
			children = (
				77BB04FC26870865007125CC /* SourceSansPro-Black.ttf */,
				77BB04FD26870865007125CC /* SourceSansPro-BlackItalic.ttf */,
				77BB04F926870864007125CC /* SourceSansPro-Bold.ttf */,
				77BB050126870865007125CC /* SourceSansPro-BoldItalic.ttf */,
				77BB04FF26870865007125CC /* SourceSansPro-ExtraLight.ttf */,
				77BB050226870865007125CC /* SourceSansPro-ExtraLightItalic.ttf */,
				77BB04FE26870865007125CC /* SourceSansPro-Italic.ttf */,
				77BB050326870865007125CC /* SourceSansPro-Light.ttf */,
				77BB050026870865007125CC /* SourceSansPro-LightItalic.ttf */,
				77BB04FA26870864007125CC /* SourceSansPro-Regular.ttf */,
				77BB050426870865007125CC /* SourceSansPro-SemiBold.ttf */,
				77BB04FB26870865007125CC /* SourceSansPro-SemiBoldItalic.ttf */,
			);
			path = "Font Files";
			sourceTree = "<group>";
		};
		77BB054D26870CB8007125CC /* MainScreen */ = {
			isa = PBXGroup;
			children = (
				777B1E7A26872467006F2531 /* View */,
				77BB055126870CE2007125CC /* Controller */,
				77BB054E26870CCF007125CC /* Model */,
				77BB055026870CE0007125CC /* ViewModel */,
			);
			path = MainScreen;
			sourceTree = "<group>";
		};
		77BB054E26870CCF007125CC /* Model */ = {
			isa = PBXGroup;
			children = (
			);
			path = Model;
			sourceTree = "<group>";
		};
		77BB055026870CE0007125CC /* ViewModel */ = {
			isa = PBXGroup;
			children = (
				777B1E7526872371006F2531 /* MainScreenVM.swift */,
			);
			path = ViewModel;
			sourceTree = "<group>";
		};
		77BB055126870CE2007125CC /* Controller */ = {
			isa = PBXGroup;
			children = (
				777B1E5B26871A1C006F2531 /* MainScreenVC.swift */,
			);
			path = Controller;
			sourceTree = "<group>";
		};
		77BB0562268712E4007125CC /* Components */ = {
			isa = PBXGroup;
			children = (
				77BB056326871305007125CC /* CustomSearchBarView.swift */,
				777B1E33268713AD006F2531 /* CustomTextFieldView.swift */,
				777B1E4D26871552006F2531 /* CustomButton.swift */,
			);
			path = Components;
			sourceTree = "<group>";
		};
		C9095596806C917E5BBC885D /* Pods */ = {
			isa = PBXGroup;
			children = (
				17C1B79CB0B5D3E72DD43716 /* Pods-SearchApp.debug.xcconfig */,
				3152441BAA91E1221E3F730A /* Pods-SearchApp.release.xcconfig */,
			);
			path = Pods;
			sourceTree = "<group>";
		};
		E821A80B43BECA7DAF01BC4F /* Frameworks */ = {
			isa = PBXGroup;
			children = (
				9EC51429528E4F53FBB1ADAF /* Pods_SearchApp.framework */,
			);
			name = Frameworks;
			sourceTree = "<group>";
		};
/* End PBXGroup section */

/* Begin PBXNativeTarget section */
		777AB27C2686FDC4003CA891 /* SearchApp */ = {
			isa = PBXNativeTarget;
			buildConfigurationList = 777AB2912686FDC5003CA891 /* Build configuration list for PBXNativeTarget "SearchApp" */;
			buildPhases = (
				D849025F9376C7C1102B24E8 /* [CP] Check Pods Manifest.lock */,
				777AB2792686FDC4003CA891 /* Sources */,
				777AB27A2686FDC4003CA891 /* Frameworks */,
				777AB27B2686FDC4003CA891 /* Resources */,
				4A64BE2DC934B1A9855637E4 /* [CP] Embed Pods Frameworks */,
			);
			buildRules = (
			);
			dependencies = (
			);
			name = SearchApp;
			productName = SearchApp;
			productReference = 777AB27D2686FDC4003CA891 /* SearchApp.app */;
			productType = "com.apple.product-type.application";
		};
/* End PBXNativeTarget section */

/* Begin PBXProject section */
		777AB2752686FDC4003CA891 /* Project object */ = {
			isa = PBXProject;
			attributes = {
				LastSwiftUpdateCheck = 1230;
				LastUpgradeCheck = 1230;
				TargetAttributes = {
					777AB27C2686FDC4003CA891 = {
						CreatedOnToolsVersion = 12.3;
					};
				};
			};
			buildConfigurationList = 777AB2782686FDC4003CA891 /* Build configuration list for PBXProject "SearchApp" */;
			compatibilityVersion = "Xcode 9.3";
			developmentRegion = en;
			hasScannedForEncodings = 0;
			knownRegions = (
				en,
				Base,
				tr,
			);
			mainGroup = 777AB2742686FDC4003CA891;
			productRefGroup = 777AB27E2686FDC4003CA891 /* Products */;
			projectDirPath = "";
			projectRoot = "";
			targets = (
				777AB27C2686FDC4003CA891 /* SearchApp */,
			);
		};
/* End PBXProject section */

/* Begin PBXResourcesBuildPhase section */
		777AB27B2686FDC4003CA891 /* Resources */ = {
			isa = PBXResourcesBuildPhase;
			buildActionMask = 2147483647;
			files = (
				77BB050B26870865007125CC /* SourceSansPro-ExtraLight.ttf in Resources */,
				777AB28D2686FDC5003CA891 /* LaunchScreen.storyboard in Resources */,
				77BB050A26870865007125CC /* SourceSansPro-Italic.ttf in Resources */,
				77BB04F6268707D0007125CC /* ColorJSON.json in Resources */,
				77BB050926870865007125CC /* SourceSansPro-BlackItalic.ttf in Resources */,
				77BB050E26870865007125CC /* SourceSansPro-ExtraLightItalic.ttf in Resources */,
				77BB050726870865007125CC /* SourceSansPro-SemiBoldItalic.ttf in Resources */,
				77BB04F02687076D007125CC /* Localizable.strings in Resources */,
				77BB050D26870865007125CC /* SourceSansPro-BoldItalic.ttf in Resources */,
				77BB050626870865007125CC /* SourceSansPro-Regular.ttf in Resources */,
				77BB051026870865007125CC /* SourceSansPro-SemiBold.ttf in Resources */,
				777AB28A2686FDC5003CA891 /* Assets.xcassets in Resources */,
				77BB04E826870727007125CC /* swiftgen.yml in Resources */,
				77BB050826870865007125CC /* SourceSansPro-Black.ttf in Resources */,
				77BB050526870865007125CC /* SourceSansPro-Bold.ttf in Resources */,
				77BB050C26870865007125CC /* SourceSansPro-LightItalic.ttf in Resources */,
				77BB050F26870865007125CC /* SourceSansPro-Light.ttf in Resources */,
			);
			runOnlyForDeploymentPostprocessing = 0;
		};
/* End PBXResourcesBuildPhase section */

/* Begin PBXShellScriptBuildPhase section */
		4A64BE2DC934B1A9855637E4 /* [CP] Embed Pods Frameworks */ = {
			isa = PBXShellScriptBuildPhase;
			buildActionMask = 2147483647;
			files = (
			);
			inputFileListPaths = (
				"${PODS_ROOT}/Target Support Files/Pods-SearchApp/Pods-SearchApp-frameworks-${CONFIGURATION}-input-files.xcfilelist",
			);
			name = "[CP] Embed Pods Frameworks";
			outputFileListPaths = (
				"${PODS_ROOT}/Target Support Files/Pods-SearchApp/Pods-SearchApp-frameworks-${CONFIGURATION}-output-files.xcfilelist",
			);
			runOnlyForDeploymentPostprocessing = 0;
			shellPath = /bin/sh;
			shellScript = "\"${PODS_ROOT}/Target Support Files/Pods-SearchApp/Pods-SearchApp-frameworks.sh\"\n";
			showEnvVarsInLog = 0;
		};
		D849025F9376C7C1102B24E8 /* [CP] Check Pods Manifest.lock */ = {
			isa = PBXShellScriptBuildPhase;
			buildActionMask = 2147483647;
			files = (
			);
			inputFileListPaths = (
			);
			inputPaths = (
				"${PODS_PODFILE_DIR_PATH}/Podfile.lock",
				"${PODS_ROOT}/Manifest.lock",
			);
			name = "[CP] Check Pods Manifest.lock";
			outputFileListPaths = (
			);
			outputPaths = (
				"$(DERIVED_FILE_DIR)/Pods-SearchApp-checkManifestLockResult.txt",
			);
			runOnlyForDeploymentPostprocessing = 0;
			shellPath = /bin/sh;
			shellScript = "diff \"${PODS_PODFILE_DIR_PATH}/Podfile.lock\" \"${PODS_ROOT}/Manifest.lock\" > /dev/null\nif [ $? != 0 ] ; then\n    # print error to STDERR\n    echo \"error: The sandbox is not in sync with the Podfile.lock. Run 'pod install' or update your CocoaPods installation.\" >&2\n    exit 1\nfi\n# This output is used by Xcode 'outputs' to avoid re-running this script phase.\necho \"SUCCESS\" > \"${SCRIPT_OUTPUT_FILE_0}\"\n";
			showEnvVarsInLog = 0;
		};
/* End PBXShellScriptBuildPhase section */

/* Begin PBXSourcesBuildPhase section */
		777AB2792686FDC4003CA891 /* Sources */ = {
			isa = PBXSourcesBuildPhase;
			buildActionMask = 2147483647;
			files = (
				77282DED2687387600173384 /* BaseQueryStringRequestModel.swift in Sources */,
				777B1E34268713AD006F2531 /* CustomTextFieldView.swift in Sources */,
				777B1E7C26872471006F2531 /* MovieCell.swift in Sources */,
				77282DFA268739C400173384 /* MovieResponseModel.swift in Sources */,
				777B1E8326873004006F2531 /* GlobalMethodsManager.swift in Sources */,
				77BB04BB26870311007125CC /* BaseNavigationController.swift in Sources */,
				777B1EA42687371C006F2531 /* Networking.swift in Sources */,
				77282DE3268737BD00173384 /* MovieRouter.swift in Sources */,
				77BB04E2268706F1007125CC /* Colors.swift in Sources */,
				777B1E8026872502006F2531 /* BaseTableViewCell.swift in Sources */,
				777B1E4E26871552006F2531 /* CustomButton.swift in Sources */,
				77282DFD26873A2500173384 /* BasePaginationResponseModel.swift in Sources */,
				777B1E73268721D7006F2531 /* UITableViewCell+Extension.swift in Sources */,
				77282E1B2687642700173384 /* PeopleResponseModel.swift in Sources */,
				77BB04C1268704DA007125CC /* BaseVM.swift in Sources */,
				77BB04DC268706E8007125CC /* Assets.swift in Sources */,
				777B1E5C26871A1C006F2531 /* MainScreenVC.swift in Sources */,
				77BB04CE268705DD007125CC /* BaseView.swift in Sources */,
				777B1E7626872371006F2531 /* MainScreenVM.swift in Sources */,
				777B1EA126873697006F2531 /* RouterProvider.swift in Sources */,
				77BB04BE2687033A007125CC /* BaseVC.swift in Sources */,
				777AB2812686FDC4003CA891 /* AppDelegate.swift in Sources */,
				777B1E9E26873683006F2531 /* NetworkError.swift in Sources */,
				77BB056426871305007125CC /* CustomSearchBarView.swift in Sources */,
				777B1E99268734A5006F2531 /* APIConstants.swift in Sources */,
				77282E0E2687626000173384 /* PeopleRouter.swift in Sources */,
				77BB04E5268706F6007125CC /* Fonts.swift in Sources */,
				77BB04DF268706ED007125CC /* Strings.swift in Sources */,
				77282E0A26873D0700173384 /* Encodable+Extension.swift in Sources */,
				777B1E70268721C5006F2531 /* UITableView+Extension.swift in Sources */,
			);
			runOnlyForDeploymentPostprocessing = 0;
		};
/* End PBXSourcesBuildPhase section */

/* Begin PBXVariantGroup section */
		777AB28B2686FDC5003CA891 /* LaunchScreen.storyboard */ = {
			isa = PBXVariantGroup;
			children = (
				777AB28C2686FDC5003CA891 /* Base */,
				77BB04EB26870756007125CC /* tr */,
			);
			name = LaunchScreen.storyboard;
			sourceTree = "<group>";
		};
		77BB04F22687076D007125CC /* Localizable.strings */ = {
			isa = PBXVariantGroup;
			children = (
				77BB04F12687076D007125CC /* en */,
				77BB04F326870770007125CC /* tr */,
			);
			name = Localizable.strings;
			sourceTree = "<group>";
		};
/* End PBXVariantGroup section */

/* Begin XCBuildConfiguration section */
		777AB28F2686FDC5003CA891 /* Debug */ = {
			isa = XCBuildConfiguration;
			buildSettings = {
				ALWAYS_SEARCH_USER_PATHS = NO;
				CLANG_ANALYZER_LOCALIZABILITY_NONLOCALIZED = YES;
				CLANG_ANALYZER_NONNULL = YES;
				CLANG_ANALYZER_NUMBER_OBJECT_CONVERSION = YES_AGGRESSIVE;
				CLANG_CXX_LANGUAGE_STANDARD = "gnu++14";
				CLANG_CXX_LIBRARY = "libc++";
				CLANG_ENABLE_MODULES = YES;
				CLANG_ENABLE_OBJC_ARC = YES;
				CLANG_ENABLE_OBJC_WEAK = YES;
				CLANG_WARN_BLOCK_CAPTURE_AUTORELEASING = YES;
				CLANG_WARN_BOOL_CONVERSION = YES;
				CLANG_WARN_COMMA = YES;
				CLANG_WARN_CONSTANT_CONVERSION = YES;
				CLANG_WARN_DEPRECATED_OBJC_IMPLEMENTATIONS = YES;
				CLANG_WARN_DIRECT_OBJC_ISA_USAGE = YES_ERROR;
				CLANG_WARN_DOCUMENTATION_COMMENTS = YES;
				CLANG_WARN_EMPTY_BODY = YES;
				CLANG_WARN_ENUM_CONVERSION = YES;
				CLANG_WARN_INFINITE_RECURSION = YES;
				CLANG_WARN_INT_CONVERSION = YES;
				CLANG_WARN_NON_LITERAL_NULL_CONVERSION = YES;
				CLANG_WARN_OBJC_IMPLICIT_RETAIN_SELF = YES;
				CLANG_WARN_OBJC_LITERAL_CONVERSION = YES;
				CLANG_WARN_OBJC_ROOT_CLASS = YES_ERROR;
				CLANG_WARN_QUOTED_INCLUDE_IN_FRAMEWORK_HEADER = YES;
				CLANG_WARN_RANGE_LOOP_ANALYSIS = YES;
				CLANG_WARN_STRICT_PROTOTYPES = YES;
				CLANG_WARN_SUSPICIOUS_MOVE = YES;
				CLANG_WARN_UNGUARDED_AVAILABILITY = YES_AGGRESSIVE;
				CLANG_WARN_UNREACHABLE_CODE = YES;
				CLANG_WARN__DUPLICATE_METHOD_MATCH = YES;
				COPY_PHASE_STRIP = NO;
				DEBUG_INFORMATION_FORMAT = dwarf;
				ENABLE_STRICT_OBJC_MSGSEND = YES;
				ENABLE_TESTABILITY = YES;
				GCC_C_LANGUAGE_STANDARD = gnu11;
				GCC_DYNAMIC_NO_PIC = NO;
				GCC_NO_COMMON_BLOCKS = YES;
				GCC_OPTIMIZATION_LEVEL = 0;
				GCC_PREPROCESSOR_DEFINITIONS = (
					"DEBUG=1",
					"$(inherited)",
				);
				GCC_WARN_64_TO_32_BIT_CONVERSION = YES;
				GCC_WARN_ABOUT_RETURN_TYPE = YES_ERROR;
				GCC_WARN_UNDECLARED_SELECTOR = YES;
				GCC_WARN_UNINITIALIZED_AUTOS = YES_AGGRESSIVE;
				GCC_WARN_UNUSED_FUNCTION = YES;
				GCC_WARN_UNUSED_VARIABLE = YES;
				IPHONEOS_DEPLOYMENT_TARGET = 14.3;
				MTL_ENABLE_DEBUG_INFO = INCLUDE_SOURCE;
				MTL_FAST_MATH = YES;
				ONLY_ACTIVE_ARCH = YES;
				SDKROOT = iphoneos;
				SWIFT_ACTIVE_COMPILATION_CONDITIONS = DEBUG;
				SWIFT_OPTIMIZATION_LEVEL = "-Onone";
			};
			name = Debug;
		};
		777AB2902686FDC5003CA891 /* Release */ = {
			isa = XCBuildConfiguration;
			buildSettings = {
				ALWAYS_SEARCH_USER_PATHS = NO;
				CLANG_ANALYZER_LOCALIZABILITY_NONLOCALIZED = YES;
				CLANG_ANALYZER_NONNULL = YES;
				CLANG_ANALYZER_NUMBER_OBJECT_CONVERSION = YES_AGGRESSIVE;
				CLANG_CXX_LANGUAGE_STANDARD = "gnu++14";
				CLANG_CXX_LIBRARY = "libc++";
				CLANG_ENABLE_MODULES = YES;
				CLANG_ENABLE_OBJC_ARC = YES;
				CLANG_ENABLE_OBJC_WEAK = YES;
				CLANG_WARN_BLOCK_CAPTURE_AUTORELEASING = YES;
				CLANG_WARN_BOOL_CONVERSION = YES;
				CLANG_WARN_COMMA = YES;
				CLANG_WARN_CONSTANT_CONVERSION = YES;
				CLANG_WARN_DEPRECATED_OBJC_IMPLEMENTATIONS = YES;
				CLANG_WARN_DIRECT_OBJC_ISA_USAGE = YES_ERROR;
				CLANG_WARN_DOCUMENTATION_COMMENTS = YES;
				CLANG_WARN_EMPTY_BODY = YES;
				CLANG_WARN_ENUM_CONVERSION = YES;
				CLANG_WARN_INFINITE_RECURSION = YES;
				CLANG_WARN_INT_CONVERSION = YES;
				CLANG_WARN_NON_LITERAL_NULL_CONVERSION = YES;
				CLANG_WARN_OBJC_IMPLICIT_RETAIN_SELF = YES;
				CLANG_WARN_OBJC_LITERAL_CONVERSION = YES;
				CLANG_WARN_OBJC_ROOT_CLASS = YES_ERROR;
				CLANG_WARN_QUOTED_INCLUDE_IN_FRAMEWORK_HEADER = YES;
				CLANG_WARN_RANGE_LOOP_ANALYSIS = YES;
				CLANG_WARN_STRICT_PROTOTYPES = YES;
				CLANG_WARN_SUSPICIOUS_MOVE = YES;
				CLANG_WARN_UNGUARDED_AVAILABILITY = YES_AGGRESSIVE;
				CLANG_WARN_UNREACHABLE_CODE = YES;
				CLANG_WARN__DUPLICATE_METHOD_MATCH = YES;
				COPY_PHASE_STRIP = NO;
				DEBUG_INFORMATION_FORMAT = "dwarf-with-dsym";
				ENABLE_NS_ASSERTIONS = NO;
				ENABLE_STRICT_OBJC_MSGSEND = YES;
				GCC_C_LANGUAGE_STANDARD = gnu11;
				GCC_NO_COMMON_BLOCKS = YES;
				GCC_WARN_64_TO_32_BIT_CONVERSION = YES;
				GCC_WARN_ABOUT_RETURN_TYPE = YES_ERROR;
				GCC_WARN_UNDECLARED_SELECTOR = YES;
				GCC_WARN_UNINITIALIZED_AUTOS = YES_AGGRESSIVE;
				GCC_WARN_UNUSED_FUNCTION = YES;
				GCC_WARN_UNUSED_VARIABLE = YES;
				IPHONEOS_DEPLOYMENT_TARGET = 14.3;
				MTL_ENABLE_DEBUG_INFO = NO;
				MTL_FAST_MATH = YES;
				SDKROOT = iphoneos;
				SWIFT_COMPILATION_MODE = wholemodule;
				SWIFT_OPTIMIZATION_LEVEL = "-O";
				VALIDATE_PRODUCT = YES;
			};
			name = Release;
		};
		777AB2922686FDC5003CA891 /* Debug */ = {
			isa = XCBuildConfiguration;
			baseConfigurationReference = 17C1B79CB0B5D3E72DD43716 /* Pods-SearchApp.debug.xcconfig */;
			buildSettings = {
				ASSETCATALOG_COMPILER_APPICON_NAME = AppIcon;
				ASSETCATALOG_COMPILER_GLOBAL_ACCENT_COLOR_NAME = AccentColor;
				CODE_SIGN_STYLE = Automatic;
				DEVELOPMENT_TEAM = VFT6WS5363;
				INFOPLIST_FILE = SearchApp/Utilities/Plists/Info.plist;
				IPHONEOS_DEPLOYMENT_TARGET = 10.0;
				LD_RUNPATH_SEARCH_PATHS = (
					"$(inherited)",
					"@executable_path/Frameworks",
				);
				PRODUCT_BUNDLE_IDENTIFIER = com.vuralcelik.SearchApp;
				PRODUCT_NAME = "$(TARGET_NAME)";
				SWIFT_VERSION = 5.0;
				TARGETED_DEVICE_FAMILY = 1;
			};
			name = Debug;
		};
		777AB2932686FDC5003CA891 /* Release */ = {
			isa = XCBuildConfiguration;
			baseConfigurationReference = 3152441BAA91E1221E3F730A /* Pods-SearchApp.release.xcconfig */;
			buildSettings = {
				ASSETCATALOG_COMPILER_APPICON_NAME = AppIcon;
				ASSETCATALOG_COMPILER_GLOBAL_ACCENT_COLOR_NAME = AccentColor;
				CODE_SIGN_STYLE = Automatic;
				DEVELOPMENT_TEAM = VFT6WS5363;
				INFOPLIST_FILE = SearchApp/Utilities/Plists/Info.plist;
				IPHONEOS_DEPLOYMENT_TARGET = 10.0;
				LD_RUNPATH_SEARCH_PATHS = (
					"$(inherited)",
					"@executable_path/Frameworks",
				);
				PRODUCT_BUNDLE_IDENTIFIER = com.vuralcelik.SearchApp;
				PRODUCT_NAME = "$(TARGET_NAME)";
				SWIFT_VERSION = 5.0;
				TARGETED_DEVICE_FAMILY = 1;
			};
			name = Release;
		};
/* End XCBuildConfiguration section */

/* Begin XCConfigurationList section */
		777AB2782686FDC4003CA891 /* Build configuration list for PBXProject "SearchApp" */ = {
			isa = XCConfigurationList;
			buildConfigurations = (
				777AB28F2686FDC5003CA891 /* Debug */,
				777AB2902686FDC5003CA891 /* Release */,
			);
			defaultConfigurationIsVisible = 0;
			defaultConfigurationName = Release;
		};
		777AB2912686FDC5003CA891 /* Build configuration list for PBXNativeTarget "SearchApp" */ = {
			isa = XCConfigurationList;
			buildConfigurations = (
				777AB2922686FDC5003CA891 /* Debug */,
				777AB2932686FDC5003CA891 /* Release */,
			);
			defaultConfigurationIsVisible = 0;
			defaultConfigurationName = Release;
		};
/* End XCConfigurationList section */
	};
	rootObject = 777AB2752686FDC4003CA891 /* Project object */;
}
